
Microsoft Visual Studio Solution File, Format Version 12.00
# Visual Studio Version 17
VisualStudioVersion = 17.9.34728.123
MinimumVisualStudioVersion = 10.0.40219.1
Project("{FAE04EC0-301F-11D3-BF4B-00C04F79EFBC}") = "PaulHagerling-Example", "PaulHagerling-Example\PaulHagerling-Example.csproj", "{77DE323E-2A13-478A-B68C-CC3188D3A5A4}"
EndProject
Global
	GlobalSection(SolutionConfigurationPlatforms) = preSolution
		Debug|Any CPU = Debug|Any CPU
		Release|Any CPU = Release|Any CPU
	EndGlobalSection
	GlobalSection(ProjectConfigurationPlatforms) = postSolution
		{77DE323E-2A13-478A-B68C-CC3188D3A5A4}.Debug|Any CPU.ActiveCfg = Debug|Any CPU
		{77DE323E-2A13-478A-B68C-CC3188D3A5A4}.Debug|Any CPU.Build.0 = Debug|Any CPU
		{77DE323E-2A13-478A-B68C-CC3188D3A5A4}.Release|Any CPU.ActiveCfg = Release|Any CPU
		{77DE323E-2A13-478A-B68C-CC3188D3A5A4}.Release|Any CPU.Build.0 = Release|Any CPU
	EndGlobalSection
	GlobalSection(SolutionProperties) = preSolution
		HideSolutionNode = FALSE
	EndGlobalSection
	GlobalSection(ExtensibilityGlobals) = postSolution
		SolutionGuid = {CEAA9B7E-C334-4213-9D97-AEB99639CE09}
	EndGlobalSection
EndGlobal
